
Microsoft Visual Studio Solution File, Format Version 12.00
# Visual Studio Version 17
VisualStudioVersion = 17.9.34701.34
MinimumVisualStudioVersion = 10.0.40219.1
Project("{FAE04EC0-301F-11D3-BF4B-00C04F79EFBC}") = "Demo.CRUD.GraphQL", "Demo.CRUD.GraphQL.csproj", "{94C671A4-A9A3-4627-BCF8-DB1943A4B53E}"
EndProject
Global
	GlobalSection(SolutionConfigurationPlatforms) = preSolution
		Debug|Any CPU = Debug|Any CPU
		Release|Any CPU = Release|Any CPU
	EndGlobalSection
	GlobalSection(ProjectConfigurationPlatforms) = postSolution
		{94C671A4-A9A3-4627-BCF8-DB1943A4B53E}.Debug|Any CPU.ActiveCfg = Debug|Any CPU
		{94C671A4-A9A3-4627-BCF8-DB1943A4B53E}.Debug|Any CPU.Build.0 = Debug|Any CPU
		{94C671A4-A9A3-4627-BCF8-DB1943A4B53E}.Release|Any CPU.ActiveCfg = Release|Any CPU
		{94C671A4-A9A3-4627-BCF8-DB1943A4B53E}.Release|Any CPU.Build.0 = Release|Any CPU
	EndGlobalSection
	GlobalSection(SolutionProperties) = preSolution
		HideSolutionNode = FALSE
	EndGlobalSection
	GlobalSection(ExtensibilityGlobals) = postSolution
		SolutionGuid = {E9F12F36-C21A-4D1C-8190-564983DAD625}
	EndGlobalSection
EndGlobal
